
Microsoft Visual Studio Solution File, Format Version 12.00
# Visual Studio 15
Project("{FAE04EC0-301F-11D3-BF4B-00C04F79EFBC}") = "Assembly-CSharp", "Assembly-CSharp.csproj", "{BD93CCDE-2B7F-C91B-98A9-698DDBAA76C9}"
EndProject
Project("{FAE04EC0-301F-11D3-BF4B-00C04F79EFBC}") = "Assembly-CSharp-firstpass", "Assembly-CSharp-firstpass.csproj", "{3C7DB7A9-8FFE-7D96-B02C-E6D77A703E4E}"
EndProject
Project("{FAE04EC0-301F-11D3-BF4B-00C04F79EFBC}") = "Assembly-CSharp-Editor-firstpass", "Assembly-CSharp-Editor-firstpass.csproj", "{5EC14D17-06F6-3F00-C84A-061C35CB72D4}"
EndProject
Global
	GlobalSection(SolutionConfigurationPlatforms) = preSolution
		Debug|Any CPU = Debug|Any CPU
		Release|Any CPU = Release|Any CPU
	EndGlobalSection
	GlobalSection(ProjectConfigurationPlatforms) = postSolution
		{BD93CCDE-2B7F-C91B-98A9-698DDBAA76C9}.Debug|Any CPU.ActiveCfg = Debug|Any CPU
		{BD93CCDE-2B7F-C91B-98A9-698DDBAA76C9}.Debug|Any CPU.Build.0 = Debug|Any CPU
		{BD93CCDE-2B7F-C91B-98A9-698DDBAA76C9}.Release|Any CPU.ActiveCfg = Release|Any CPU
		{BD93CCDE-2B7F-C91B-98A9-698DDBAA76C9}.Release|Any CPU.Build.0 = Release|Any CPU
		{3C7DB7A9-8FFE-7D96-B02C-E6D77A703E4E}.Debug|Any CPU.ActiveCfg = Debug|Any CPU
		{3C7DB7A9-8FFE-7D96-B02C-E6D77A703E4E}.Debug|Any CPU.Build.0 = Debug|Any CPU
		{3C7DB7A9-8FFE-7D96-B02C-E6D77A703E4E}.Release|Any CPU.ActiveCfg = Release|Any CPU
		{3C7DB7A9-8FFE-7D96-B02C-E6D77A703E4E}.Release|Any CPU.Build.0 = Release|Any CPU
		{5EC14D17-06F6-3F00-C84A-061C35CB72D4}.Debug|Any CPU.ActiveCfg = Debug|Any CPU
		{5EC14D17-06F6-3F00-C84A-061C35CB72D4}.Debug|Any CPU.Build.0 = Debug|Any CPU
		{5EC14D17-06F6-3F00-C84A-061C35CB72D4}.Release|Any CPU.ActiveCfg = Release|Any CPU
		{5EC14D17-06F6-3F00-C84A-061C35CB72D4}.Release|Any CPU.Build.0 = Release|Any CPU
	EndGlobalSection
	GlobalSection(SolutionProperties) = preSolution
		HideSolutionNode = FALSE
	EndGlobalSection
EndGlobal
